<?xml version="1.0" encoding="utf-8"?>
<Project ToolsVersion="4.0" xmlns="http://schemas.microsoft.com/developer/msbuild/2003">
  <ItemGroup>
    <Filter Include="Source">
      <UniqueIdentifier>{75c8630d-c734-4539-a8c2-cd6b7b0075f6}</UniqueIdentifier>
    </Filter>
    <Filter Include="Source\Parser">
      <UniqueIdentifier>{42b2da6c-39ca-49b5-9a8a-104cf8701442}</UniqueIdentifier>
    </Filter>
    <Filter Include="Source\Scanner">
      <UniqueIdentifier>{59a68068-4085-49e6-bf4a-dc7cb5f4f72d}</UniqueIdentifier>
    </Filter>
  </ItemGroup>
  <ItemGroup>
    <ClCompile Include="OrchidScriptParserSyntax.cpp">
      <Filter>Source\Parser</Filter>
    </ClCompile>
    <ClCompile Include="OrchidScriptParser.cpp">
      <Filter>Source\Parser</Filter>
    </ClCompile>
    <ClCompile Include="OrchidScriptScanner.cpp">
      <Filter>Source\Scanner</Filter>
    </ClCompile>
    <ClCompile Include="OrchidScriptDynamic.cpp">
      <Filter>Source</Filter>
    </ClCompile>
  </ItemGroup>
  <ItemGroup>
    <ClInclude Include="OrchidScriptParserSyntax.hpp">
      <Filter>Source\Parser</Filter>
    </ClInclude>
    <ClInclude Include="OrchidScriptParser.hpp">
      <Filter>Source\Parser</Filter>
    </ClInclude>
    <ClInclude Include="OrchidScriptScanner.hpp">
      <Filter>Source\Scanner</Filter>
    </ClInclude>
    <ClInclude Include="OrchidScriptDynamic.hpp">
      <Filter>Source</Filter>
    </ClInclude>
  </ItemGroup>
</Project>